{
  "nodes": {
    "nixpkgs": {
      "locked": {
        "lastModified": 1754684350,
        "narHash": "sha256-0+VgwhPqD/10lSKycQpjnHqLkimq4m4CG7K5zakeqvI=",
        "owner": "NixOS",
        "repo": "nixpkgs",
        "rev": "34a6d1a7f10e61176d28e42e5f53e00b723c6c2b",
        "type": "github"
      },
      "original": {
        "owner": "NixOS",
        "ref": "release-25.05",
        "repo": "nixpkgs",
        "type": "github"
      }
    },
    "root": {
      "inputs": {
        "nixpkgs": "nixpkgs",
        "systems": "systems"
      }
    },
    "systems": {
      "locked": {
        "lastModified": 1681028828,
        "narHash": "sha256-Vy1rq5AaRuLzOxct8nz4T6wlgyUR7zLU309k9mBC768=",
        "owner": "nix-systems",
        "repo": "default",
        "rev": "da67096a3b9bf56a91d16901293e51ba5b49a27e",
        "type": "github"
      },
      "original": {
        "owner": "nix-systems",
        "repo": "default",
        "type": "github"
      }
    }
  },
  "root": "root",
  "version": 7
}
