{
  "nodes": {
    "nixpkgs": {
      "locked": {
        "lastModified": 1754086943,
        "narHash": "sha256-avNjFMons1bB65I/gRw4c84gj40zkP8tUih9wfG36Hk=",
        "owner": "NixOS",
        "repo": "nixpkgs",
        "rev": "011e9751e451819b57368dae17c4544c6c0718a0",
        "type": "github"
      },
      "original": {
        "owner": "NixOS",
        "ref": "release-25.05",
        "repo": "nixpkgs",
        "type": "github"
      }
    },
    "root": {
      "inputs": {
        "nixpkgs": "nixpkgs",
        "systems": "systems"
      }
    },
    "systems": {
      "locked": {
        "lastModified": 1681028828,
        "narHash": "sha256-Vy1rq5AaRuLzOxct8nz4T6wlgyUR7zLU309k9mBC768=",
        "owner": "nix-systems",
        "repo": "default",
        "rev": "da67096a3b9bf56a91d16901293e51ba5b49a27e",
        "type": "github"
      },
      "original": {
        "owner": "nix-systems",
        "repo": "default",
        "type": "github"
      }
    }
  },
  "root": "root",
  "version": 7
}
